
Microsoft Visual Studio Solution File, Format Version 12.00
# Visual Studio Version 16
VisualStudioVersion = 16.0.29306.81
MinimumVisualStudioVersion = 10.0.40219.1
Project("{8BC9CEB8-8B4A-11D0-8D11-00A0C91BC942}") = "p37", "p37\p37.vcxproj", "{49D3C38B-893C-4948-A364-4C549B5E2999}"
EndProject
Global
	GlobalSection(SolutionConfigurationPlatforms) = preSolution
		Debug|x64 = Debug|x64
		Debug|x86 = Debug|x86
		Release|x64 = Release|x64
		Release|x86 = Release|x86
	EndGlobalSection
	GlobalSection(ProjectConfigurationPlatforms) = postSolution
		{49D3C38B-893C-4948-A364-4C549B5E2999}.Debug|x64.ActiveCfg = Debug|x64
		{49D3C38B-893C-4948-A364-4C549B5E2999}.Debug|x64.Build.0 = Debug|x64
		{49D3C38B-893C-4948-A364-4C549B5E2999}.Debug|x86.ActiveCfg = Debug|Win32
		{49D3C38B-893C-4948-A364-4C549B5E2999}.Debug|x86.Build.0 = Debug|Win32
		{49D3C38B-893C-4948-A364-4C549B5E2999}.Release|x64.ActiveCfg = Release|x64
		{49D3C38B-893C-4948-A364-4C549B5E2999}.Release|x64.Build.0 = Release|x64
		{49D3C38B-893C-4948-A364-4C549B5E2999}.Release|x86.ActiveCfg = Release|Win32
		{49D3C38B-893C-4948-A364-4C549B5E2999}.Release|x86.Build.0 = Release|Win32
	EndGlobalSection
	GlobalSection(SolutionProperties) = preSolution
		HideSolutionNode = FALSE
	EndGlobalSection
	GlobalSection(ExtensibilityGlobals) = postSolution
		SolutionGuid = {B7BF851D-C45F-495A-89FE-F7571A3BA5E1}
	EndGlobalSection
EndGlobal
